
Microsoft Visual Studio Solution File, Format Version 12.00
# Visual Studio Version 17
VisualStudioVersion = 17.10.34916.146
MinimumVisualStudioVersion = 10.0.40219.1
Project("{FAE04EC0-301F-11D3-BF4B-00C04F79EFBC}") = "exercise if else , subscription", "exercise if else , subscription\exercise if else , subscription.csproj", "{D4471236-499C-48A2-8876-11ED5E248AF4}"
EndProject
Global
	GlobalSection(SolutionConfigurationPlatforms) = preSolution
		Debug|Any CPU = Debug|Any CPU
		Release|Any CPU = Release|Any CPU
	EndGlobalSection
	GlobalSection(ProjectConfigurationPlatforms) = postSolution
		{D4471236-499C-48A2-8876-11ED5E248AF4}.Debug|Any CPU.ActiveCfg = Debug|Any CPU
		{D4471236-499C-48A2-8876-11ED5E248AF4}.Debug|Any CPU.Build.0 = Debug|Any CPU
		{D4471236-499C-48A2-8876-11ED5E248AF4}.Release|Any CPU.ActiveCfg = Release|Any CPU
		{D4471236-499C-48A2-8876-11ED5E248AF4}.Release|Any CPU.Build.0 = Release|Any CPU
	EndGlobalSection
	GlobalSection(SolutionProperties) = preSolution
		HideSolutionNode = FALSE
	EndGlobalSection
	GlobalSection(ExtensibilityGlobals) = postSolution
		SolutionGuid = {595BF8B1-338C-4975-990F-135DFCE65215}
	EndGlobalSection
EndGlobal
